
Microsoft Visual Studio Solution File, Format Version 12.00
# Visual Studio Version 16
VisualStudioVersion = 16.0.31410.357
MinimumVisualStudioVersion = 10.0.40219.1
Project("{FAE04EC0-301F-11D3-BF4B-00C04F79EFBC}") = "MyFirstConsole", "MyFirstConsole\MyFirstConsole.csproj", "{42FE8A4C-79B1-4C53-93E4-EBC46F63C055}"
EndProject
Project("{FAE04EC0-301F-11D3-BF4B-00C04F79EFBC}") = "ClassLibrary", "ClassLibrary\ClassLibrary.csproj", "{49D1CECA-5899-48A9-83A1-3F8DD0CDB1AD}"
EndProject
Global
	GlobalSection(SolutionConfigurationPlatforms) = preSolution
		Debug|Any CPU = Debug|Any CPU
		Release|Any CPU = Release|Any CPU
	EndGlobalSection
	GlobalSection(ProjectConfigurationPlatforms) = postSolution
		{42FE8A4C-79B1-4C53-93E4-EBC46F63C055}.Debug|Any CPU.ActiveCfg = Debug|Any CPU
		{42FE8A4C-79B1-4C53-93E4-EBC46F63C055}.Debug|Any CPU.Build.0 = Debug|Any CPU
		{42FE8A4C-79B1-4C53-93E4-EBC46F63C055}.Release|Any CPU.ActiveCfg = Release|Any CPU
		{42FE8A4C-79B1-4C53-93E4-EBC46F63C055}.Release|Any CPU.Build.0 = Release|Any CPU
		{49D1CECA-5899-48A9-83A1-3F8DD0CDB1AD}.Debug|Any CPU.ActiveCfg = Debug|Any CPU
		{49D1CECA-5899-48A9-83A1-3F8DD0CDB1AD}.Debug|Any CPU.Build.0 = Debug|Any CPU
		{49D1CECA-5899-48A9-83A1-3F8DD0CDB1AD}.Release|Any CPU.ActiveCfg = Release|Any CPU
		{49D1CECA-5899-48A9-83A1-3F8DD0CDB1AD}.Release|Any CPU.Build.0 = Release|Any CPU
	EndGlobalSection
	GlobalSection(SolutionProperties) = preSolution
		HideSolutionNode = FALSE
	EndGlobalSection
	GlobalSection(ExtensibilityGlobals) = postSolution
		SolutionGuid = {986111AD-DFBE-4D8A-89F1-96F6CC5C223F}
	EndGlobalSection
EndGlobal
